<Solution>
  <Folder Name="/samples/">
    <Project Path="samples/SharpPhysics2D.Demo/SharpPhysics2D.Demo.csproj" />
  </Folder>
  <Folder Name="/src/">
    <Project Path="src/SharpPhysics2D/SharpPhysics2D.csproj" />
  </Folder>
  <Folder Name="/tests/">
    <Project Path="tests/SharpPhysics2D.Tests/SharpPhysics2D.Tests.csproj" />
  </Folder>
</Solution>
